
Microsoft Visual Studio Solution File, Format Version 12.00
# Visual Studio 15
VisualStudioVersion = 15.0.28307.572
MinimumVisualStudioVersion = 10.0.40219.1
Project("{6EC3EE1D-3C4E-46DD-8F32-0CC8E7565705}") = "B-PrinciplesOfFp", "src\B-PrinciplesOfFp\B-PrinciplesOfFp.fsproj", "{693F3478-8AA0-4B7F-A337-EFCBCB73C959}"
EndProject
Project("{6EC3EE1D-3C4E-46DD-8F32-0CC8E7565705}") = "C-FunctionalArchitecture", "src\C-FunctionalArchitecture\C-FunctionalArchitecture.fsproj", "{FFC3A438-E6C7-4505-AEEE-690BB2AC2F28}"
EndProject
Project("{6EC3EE1D-3C4E-46DD-8F32-0CC8E7565705}") = "D-DomainModelingWithTypes", "src\D-DomainModelingWithTypes\D-DomainModelingWithTypes.fsproj", "{6DC10080-C64B-4440-8971-C6D7D4C92FDB}"
EndProject
Project("{6EC3EE1D-3C4E-46DD-8F32-0CC8E7565705}") = "E-ModelingErrors", "src\E-ModelingErrors\E-ModelingErrors.fsproj", "{C84178FC-7790-4A75-90E1-B9B36683A2E4}"
EndProject
Project("{6EC3EE1D-3C4E-46DD-8F32-0CC8E7565705}") = "F-ImplementingWorkflows", "src\F-ImplementingWorkflows\F-ImplementingWorkflows.fsproj", "{D3671AB5-B4B3-4A83-9998-83E868CC03B7}"
EndProject
Project("{6EC3EE1D-3C4E-46DD-8F32-0CC8E7565705}") = "Z-SyntaxHelp", "src\SyntaxHelp\Z-SyntaxHelp.fsproj", "{2899CEA2-1DFE-476A-8FC3-4A2E20972653}"
EndProject
Project("{6EC3EE1D-3C4E-46DD-8F32-0CC8E7565705}") = "G-ExtraModeling", "src\ExtraModeling\G-ExtraModeling.fsproj", "{922121CA-0456-4866-88BF-535D75D87E03}"
EndProject
Project("{6EC3EE1D-3C4E-46DD-8F32-0CC8E7565705}") = "X-ExtraFsharp", "src\ExtraFsharp\X-ExtraFsharp.fsproj", "{BCE71DC2-46F3-4209-BFC8-A40AB8897392}"
EndProject
Project("{6EC3EE1D-3C4E-46DD-8F32-0CC8E7565705}") = "A-DDD", "src\A-DDD\A-DDD.fsproj", "{5FD3ADF9-95CD-4C6A-9836-EEFFDAA8FC62}"
EndProject
Project("{2150E333-8FDC-42A3-9474-1A3956D46DE8}") = "CSharpInterop", "CSharpInterop", "{9582708C-B3BA-4DC8-B8F3-52BEC334A8FF}"
EndProject
Project("{FAE04EC0-301F-11D3-BF4B-00C04F79EFBC}") = "Layer1CS", "CSharpInterop\Layer1CS\Layer1CS.csproj", "{6CA588A7-53D2-4F96-A1F7-E38CC670D186}"
EndProject
Project("{F2A71F9B-5D33-465A-A702-920D77279786}") = "Layer2FS", "CSharpInterop\Layer2FS\Layer2FS.fsproj", "{9FC8ABDE-71EC-4A1A-9495-975AB382DBE4}"
EndProject
Project("{FAE04EC0-301F-11D3-BF4B-00C04F79EFBC}") = "Layer3CS", "CSharpInterop\Layer3CS\Layer3CS.csproj", "{C4C4A747-2B87-44D4-94DC-A9A7D246B767}"
EndProject
Global
	GlobalSection(SolutionConfigurationPlatforms) = preSolution
		Debug|Any CPU = Debug|Any CPU
		Release|Any CPU = Release|Any CPU
	EndGlobalSection
	GlobalSection(ProjectConfigurationPlatforms) = postSolution
		{693F3478-8AA0-4B7F-A337-EFCBCB73C959}.Debug|Any CPU.ActiveCfg = Debug|Any CPU
		{693F3478-8AA0-4B7F-A337-EFCBCB73C959}.Debug|Any CPU.Build.0 = Debug|Any CPU
		{693F3478-8AA0-4B7F-A337-EFCBCB73C959}.Release|Any CPU.ActiveCfg = Release|Any CPU
		{693F3478-8AA0-4B7F-A337-EFCBCB73C959}.Release|Any CPU.Build.0 = Release|Any CPU
		{FFC3A438-E6C7-4505-AEEE-690BB2AC2F28}.Debug|Any CPU.ActiveCfg = Debug|Any CPU
		{FFC3A438-E6C7-4505-AEEE-690BB2AC2F28}.Debug|Any CPU.Build.0 = Debug|Any CPU
		{FFC3A438-E6C7-4505-AEEE-690BB2AC2F28}.Release|Any CPU.ActiveCfg = Release|Any CPU
		{FFC3A438-E6C7-4505-AEEE-690BB2AC2F28}.Release|Any CPU.Build.0 = Release|Any CPU
		{6DC10080-C64B-4440-8971-C6D7D4C92FDB}.Debug|Any CPU.ActiveCfg = Debug|Any CPU
		{6DC10080-C64B-4440-8971-C6D7D4C92FDB}.Debug|Any CPU.Build.0 = Debug|Any CPU
		{6DC10080-C64B-4440-8971-C6D7D4C92FDB}.Release|Any CPU.ActiveCfg = Release|Any CPU
		{6DC10080-C64B-4440-8971-C6D7D4C92FDB}.Release|Any CPU.Build.0 = Release|Any CPU
		{C84178FC-7790-4A75-90E1-B9B36683A2E4}.Debug|Any CPU.ActiveCfg = Debug|Any CPU
		{C84178FC-7790-4A75-90E1-B9B36683A2E4}.Debug|Any CPU.Build.0 = Debug|Any CPU
		{C84178FC-7790-4A75-90E1-B9B36683A2E4}.Release|Any CPU.ActiveCfg = Release|Any CPU
		{C84178FC-7790-4A75-90E1-B9B36683A2E4}.Release|Any CPU.Build.0 = Release|Any CPU
		{D3671AB5-B4B3-4A83-9998-83E868CC03B7}.Debug|Any CPU.ActiveCfg = Debug|Any CPU
		{D3671AB5-B4B3-4A83-9998-83E868CC03B7}.Debug|Any CPU.Build.0 = Debug|Any CPU
		{D3671AB5-B4B3-4A83-9998-83E868CC03B7}.Release|Any CPU.ActiveCfg = Release|Any CPU
		{D3671AB5-B4B3-4A83-9998-83E868CC03B7}.Release|Any CPU.Build.0 = Release|Any CPU
		{2899CEA2-1DFE-476A-8FC3-4A2E20972653}.Debug|Any CPU.ActiveCfg = Debug|Any CPU
		{2899CEA2-1DFE-476A-8FC3-4A2E20972653}.Debug|Any CPU.Build.0 = Debug|Any CPU
		{2899CEA2-1DFE-476A-8FC3-4A2E20972653}.Release|Any CPU.ActiveCfg = Release|Any CPU
		{2899CEA2-1DFE-476A-8FC3-4A2E20972653}.Release|Any CPU.Build.0 = Release|Any CPU
		{922121CA-0456-4866-88BF-535D75D87E03}.Debug|Any CPU.ActiveCfg = Debug|Any CPU
		{922121CA-0456-4866-88BF-535D75D87E03}.Debug|Any CPU.Build.0 = Debug|Any CPU
		{922121CA-0456-4866-88BF-535D75D87E03}.Release|Any CPU.ActiveCfg = Release|Any CPU
		{922121CA-0456-4866-88BF-535D75D87E03}.Release|Any CPU.Build.0 = Release|Any CPU
		{BCE71DC2-46F3-4209-BFC8-A40AB8897392}.Debug|Any CPU.ActiveCfg = Debug|Any CPU
		{BCE71DC2-46F3-4209-BFC8-A40AB8897392}.Debug|Any CPU.Build.0 = Debug|Any CPU
		{BCE71DC2-46F3-4209-BFC8-A40AB8897392}.Release|Any CPU.ActiveCfg = Release|Any CPU
		{BCE71DC2-46F3-4209-BFC8-A40AB8897392}.Release|Any CPU.Build.0 = Release|Any CPU
		{5FD3ADF9-95CD-4C6A-9836-EEFFDAA8FC62}.Debug|Any CPU.ActiveCfg = Debug|Any CPU
		{5FD3ADF9-95CD-4C6A-9836-EEFFDAA8FC62}.Debug|Any CPU.Build.0 = Debug|Any CPU
		{5FD3ADF9-95CD-4C6A-9836-EEFFDAA8FC62}.Release|Any CPU.ActiveCfg = Release|Any CPU
		{5FD3ADF9-95CD-4C6A-9836-EEFFDAA8FC62}.Release|Any CPU.Build.0 = Release|Any CPU
		{6CA588A7-53D2-4F96-A1F7-E38CC670D186}.Debug|Any CPU.ActiveCfg = Debug|Any CPU
		{6CA588A7-53D2-4F96-A1F7-E38CC670D186}.Debug|Any CPU.Build.0 = Debug|Any CPU
		{6CA588A7-53D2-4F96-A1F7-E38CC670D186}.Release|Any CPU.ActiveCfg = Release|Any CPU
		{6CA588A7-53D2-4F96-A1F7-E38CC670D186}.Release|Any CPU.Build.0 = Release|Any CPU
		{9FC8ABDE-71EC-4A1A-9495-975AB382DBE4}.Debug|Any CPU.ActiveCfg = Debug|Any CPU
		{9FC8ABDE-71EC-4A1A-9495-975AB382DBE4}.Debug|Any CPU.Build.0 = Debug|Any CPU
		{9FC8ABDE-71EC-4A1A-9495-975AB382DBE4}.Release|Any CPU.ActiveCfg = Release|Any CPU
		{9FC8ABDE-71EC-4A1A-9495-975AB382DBE4}.Release|Any CPU.Build.0 = Release|Any CPU
		{C4C4A747-2B87-44D4-94DC-A9A7D246B767}.Debug|Any CPU.ActiveCfg = Debug|Any CPU
		{C4C4A747-2B87-44D4-94DC-A9A7D246B767}.Debug|Any CPU.Build.0 = Debug|Any CPU
		{C4C4A747-2B87-44D4-94DC-A9A7D246B767}.Release|Any CPU.ActiveCfg = Release|Any CPU
		{C4C4A747-2B87-44D4-94DC-A9A7D246B767}.Release|Any CPU.Build.0 = Release|Any CPU
	EndGlobalSection
	GlobalSection(SolutionProperties) = preSolution
		HideSolutionNode = FALSE
	EndGlobalSection
	GlobalSection(NestedProjects) = preSolution
		{6CA588A7-53D2-4F96-A1F7-E38CC670D186} = {9582708C-B3BA-4DC8-B8F3-52BEC334A8FF}
		{9FC8ABDE-71EC-4A1A-9495-975AB382DBE4} = {9582708C-B3BA-4DC8-B8F3-52BEC334A8FF}
		{C4C4A747-2B87-44D4-94DC-A9A7D246B767} = {9582708C-B3BA-4DC8-B8F3-52BEC334A8FF}
	EndGlobalSection
	GlobalSection(ExtensibilityGlobals) = postSolution
		SolutionGuid = {432E6E9B-7C5A-4FC4-9F97-55543C31EA05}
	EndGlobalSection
EndGlobal
