
Microsoft Visual Studio Solution File, Format Version 12.00
# Visual Studio 15
VisualStudioVersion = 15.0.28307.572
MinimumVisualStudioVersion = 10.0.40219.1
Project("{FAE04EC0-301F-11D3-BF4B-00C04F79EFBC}") = "Layer1CS", "Layer1CS\Layer1CS.csproj", "{6CA588A7-53D2-4F96-A1F7-E38CC670D186}"
EndProject
Project("{F2A71F9B-5D33-465A-A702-920D77279786}") = "Layer2FS", "Layer2FS\Layer2FS.fsproj", "{9FC8ABDE-71EC-4A1A-9495-975AB382DBE4}"
EndProject
Project("{FAE04EC0-301F-11D3-BF4B-00C04F79EFBC}") = "Layer3CS", "Layer3CS\Layer3CS.csproj", "{C4C4A747-2B87-44D4-94DC-A9A7D246B767}"
EndProject
Global
	GlobalSection(SolutionConfigurationPlatforms) = preSolution
		Debug|Any CPU = Debug|Any CPU
		Release|Any CPU = Release|Any CPU
	EndGlobalSection
	GlobalSection(ProjectConfigurationPlatforms) = postSolution
		{6CA588A7-53D2-4F96-A1F7-E38CC670D186}.Debug|Any CPU.ActiveCfg = Debug|Any CPU
		{6CA588A7-53D2-4F96-A1F7-E38CC670D186}.Debug|Any CPU.Build.0 = Debug|Any CPU
		{6CA588A7-53D2-4F96-A1F7-E38CC670D186}.Release|Any CPU.ActiveCfg = Release|Any CPU
		{6CA588A7-53D2-4F96-A1F7-E38CC670D186}.Release|Any CPU.Build.0 = Release|Any CPU
		{9FC8ABDE-71EC-4A1A-9495-975AB382DBE4}.Debug|Any CPU.ActiveCfg = Debug|Any CPU
		{9FC8ABDE-71EC-4A1A-9495-975AB382DBE4}.Debug|Any CPU.Build.0 = Debug|Any CPU
		{9FC8ABDE-71EC-4A1A-9495-975AB382DBE4}.Release|Any CPU.ActiveCfg = Release|Any CPU
		{9FC8ABDE-71EC-4A1A-9495-975AB382DBE4}.Release|Any CPU.Build.0 = Release|Any CPU
		{C4C4A747-2B87-44D4-94DC-A9A7D246B767}.Debug|Any CPU.ActiveCfg = Debug|Any CPU
		{C4C4A747-2B87-44D4-94DC-A9A7D246B767}.Debug|Any CPU.Build.0 = Debug|Any CPU
		{C4C4A747-2B87-44D4-94DC-A9A7D246B767}.Release|Any CPU.ActiveCfg = Release|Any CPU
		{C4C4A747-2B87-44D4-94DC-A9A7D246B767}.Release|Any CPU.Build.0 = Release|Any CPU
	EndGlobalSection
	GlobalSection(SolutionProperties) = preSolution
		HideSolutionNode = FALSE
	EndGlobalSection
	GlobalSection(ExtensibilityGlobals) = postSolution
		SolutionGuid = {E657830F-1570-410C-B016-84BE7BBB7B55}
	EndGlobalSection
EndGlobal
